// !$*UTF8*$!
{
	archiveVersion = 1;
	classes = {
	};
	objectVersion = 56;
	objects = {

/* Begin PBXBuildFile section */
		9011F24F2B093938002DB1B6 /* HomeView.swift in Sources */ = {isa = PBXBuildFile; fileRef = 9011F24E2B093938002DB1B6 /* HomeView.swift */; };
		9011F2512B09393A002DB1B6 /* Assets.xcassets in Resources */ = {isa = PBXBuildFile; fileRef = 9011F2502B09393A002DB1B6 /* Assets.xcassets */; };
		9011F2542B09393A002DB1B6 /* Preview Assets.xcassets in Resources */ = {isa = PBXBuildFile; fileRef = 9011F2532B09393A002DB1B6 /* Preview Assets.xcassets */; };
		9011F25B2B093CDA002DB1B6 /* ChatView.swift in Sources */ = {isa = PBXBuildFile; fileRef = 9011F25A2B093CDA002DB1B6 /* ChatView.swift */; };
		9011F25D2B093D08002DB1B6 /* Loading.swift in Sources */ = {isa = PBXBuildFile; fileRef = 9011F25C2B093D08002DB1B6 /* Loading.swift */; };
		9011F2602B093D7F002DB1B6 /* ChatMessage.swift in Sources */ = {isa = PBXBuildFile; fileRef = 9011F25F2B093D7F002DB1B6 /* ChatMessage.swift */; };
		901B98E82B4971DD004AF176 /* Preview Content in Resources */ = {isa = PBXBuildFile; fileRef = 901B98E72B4971DD004AF176 /* Preview Content */; };
		901B98EA2B4972AE004AF176 /* PicQueryApp.swift in Sources */ = {isa = PBXBuildFile; fileRef = 901B98E92B4972AE004AF176 /* PicQueryApp.swift */; };
		9034F0C72B488CFA0021125A /* HomeViewModel.swift in Sources */ = {isa = PBXBuildFile; fileRef = 9034F0C62B488CFA0021125A /* HomeViewModel.swift */; };
		9034F0CF2B4913F00021125A /* MLInput.swift in Sources */ = {isa = PBXBuildFile; fileRef = 9034F0CE2B4913F00021125A /* MLInput.swift */; };
		9034F0D12B4915430021125A /* StringTokenizer.swift in Sources */ = {isa = PBXBuildFile; fileRef = 9034F0D02B4915430021125A /* StringTokenizer.swift */; };
		9034F0D32B4915C20021125A /* Vocabulary.swift in Sources */ = {isa = PBXBuildFile; fileRef = 9034F0D22B4915C20021125A /* Vocabulary.swift */; };
		9034F0D52B4917DF0021125A /* MLOutput.swift in Sources */ = {isa = PBXBuildFile; fileRef = 9034F0D42B4917DF0021125A /* MLOutput.swift */; };
		9034F0D82B4918890021125A /* bert-base-uncased-vocab.txt in Resources */ = {isa = PBXBuildFile; fileRef = 9034F0D62B4918790021125A /* bert-base-uncased-vocab.txt */; };
		9034F0D92B4918890021125A /* BERTQAFP16.mlmodel in Sources */ = {isa = PBXBuildFile; fileRef = 9034F0D72B4918890021125A /* BERTQAFP16.mlmodel */; };
		9034F0DD2B4922380021125A /* MLQAModel.swift in Sources */ = {isa = PBXBuildFile; fileRef = 9034F0DC2B4922380021125A /* MLQAModel.swift */; };
		906C0EE12B4D429E0007A5B9 /* TextRecog.swift in Sources */ = {isa = PBXBuildFile; fileRef = 906C0EE02B4D429E0007A5B9 /* TextRecog.swift */; };
/* End PBXBuildFile section */

/* Begin PBXFileReference section */
		9011F2492B093938002DB1B6 /* PicQuery.app */ = {isa = PBXFileReference; explicitFileType = wrapper.application; includeInIndex = 0; path = PicQuery.app; sourceTree = BUILT_PRODUCTS_DIR; };
		9011F24E2B093938002DB1B6 /* HomeView.swift */ = {isa = PBXFileReference; lastKnownFileType = sourcecode.swift; path = HomeView.swift; sourceTree = "<group>"; };
		9011F2502B09393A002DB1B6 /* Assets.xcassets */ = {isa = PBXFileReference; lastKnownFileType = folder.assetcatalog; path = Assets.xcassets; sourceTree = "<group>"; };
		9011F2532B09393A002DB1B6 /* Preview Assets.xcassets */ = {isa = PBXFileReference; lastKnownFileType = folder.assetcatalog; path = "Preview Assets.xcassets"; sourceTree = "<group>"; };
		9011F25A2B093CDA002DB1B6 /* ChatView.swift */ = {isa = PBXFileReference; lastKnownFileType = sourcecode.swift; path = ChatView.swift; sourceTree = "<group>"; };
		9011F25C2B093D08002DB1B6 /* Loading.swift */ = {isa = PBXFileReference; lastKnownFileType = sourcecode.swift; path = Loading.swift; sourceTree = "<group>"; };
		9011F25F2B093D7F002DB1B6 /* ChatMessage.swift */ = {isa = PBXFileReference; lastKnownFileType = sourcecode.swift; path = ChatMessage.swift; sourceTree = "<group>"; };
		901B98E72B4971DD004AF176 /* Preview Content */ = {isa = PBXFileReference; lastKnownFileType = folder; path = "Preview Content"; sourceTree = "<group>"; };
		901B98E92B4972AE004AF176 /* PicQueryApp.swift */ = {isa = PBXFileReference; fileEncoding = 4; lastKnownFileType = sourcecode.swift; path = PicQueryApp.swift; sourceTree = "<group>"; };
		9034F0C62B488CFA0021125A /* HomeViewModel.swift */ = {isa = PBXFileReference; lastKnownFileType = sourcecode.swift; path = HomeViewModel.swift; sourceTree = "<group>"; };
		9034F0CE2B4913F00021125A /* MLInput.swift */ = {isa = PBXFileReference; lastKnownFileType = sourcecode.swift; path = MLInput.swift; sourceTree = "<group>"; };
		9034F0D02B4915430021125A /* StringTokenizer.swift */ = {isa = PBXFileReference; lastKnownFileType = sourcecode.swift; path = StringTokenizer.swift; sourceTree = "<group>"; };
		9034F0D22B4915C20021125A /* Vocabulary.swift */ = {isa = PBXFileReference; lastKnownFileType = sourcecode.swift; path = Vocabulary.swift; sourceTree = "<group>"; };
		9034F0D42B4917DF0021125A /* MLOutput.swift */ = {isa = PBXFileReference; lastKnownFileType = sourcecode.swift; path = MLOutput.swift; sourceTree = "<group>"; };
		9034F0D62B4918790021125A /* bert-base-uncased-vocab.txt */ = {isa = PBXFileReference; fileEncoding = 4; lastKnownFileType = text; path = "bert-base-uncased-vocab.txt"; sourceTree = "<group>"; };
		9034F0D72B4918890021125A /* BERTQAFP16.mlmodel */ = {isa = PBXFileReference; lastKnownFileType = file.mlmodel; path = BERTQAFP16.mlmodel; sourceTree = "<group>"; };
		9034F0DC2B4922380021125A /* MLQAModel.swift */ = {isa = PBXFileReference; fileEncoding = 4; lastKnownFileType = sourcecode.swift; path = MLQAModel.swift; sourceTree = "<group>"; };
		906C0EE02B4D429E0007A5B9 /* TextRecog.swift */ = {isa = PBXFileReference; lastKnownFileType = sourcecode.swift; path = TextRecog.swift; sourceTree = "<group>"; };
/* End PBXFileReference section */

/* Begin PBXFrameworksBuildPhase section */
		9011F2462B093938002DB1B6 /* Frameworks */ = {
			isa = PBXFrameworksBuildPhase;
			buildActionMask = 2147483647;
			files = (
			);
			runOnlyForDeploymentPostprocessing = 0;
		};
/* End PBXFrameworksBuildPhase section */

/* Begin PBXGroup section */
		9011F2402B093938002DB1B6 = {
			isa = PBXGroup;
			children = (
				9011F24B2B093938002DB1B6 /* PicQuery */,
				9011F24A2B093938002DB1B6 /* Products */,
			);
			sourceTree = "<group>";
		};
		9011F24A2B093938002DB1B6 /* Products */ = {
			isa = PBXGroup;
			children = (
				9011F2492B093938002DB1B6 /* PicQuery.app */,
			);
			name = Products;
			sourceTree = "<group>";
		};
		9011F24B2B093938002DB1B6 /* PicQuery */ = {
			isa = PBXGroup;
			children = (
				901B98E92B4972AE004AF176 /* PicQueryApp.swift */,
				901B98E72B4971DD004AF176 /* Preview Content */,
				9034F0DC2B4922380021125A /* MLQAModel.swift */,
				9034F0D62B4918790021125A /* bert-base-uncased-vocab.txt */,
				9034F0D72B4918890021125A /* BERTQAFP16.mlmodel */,
				9011F25E2B093D6E002DB1B6 /* Model */,
				9011F24E2B093938002DB1B6 /* HomeView.swift */,
				9034F0C62B488CFA0021125A /* HomeViewModel.swift */,
				9011F2502B09393A002DB1B6 /* Assets.xcassets */,
				9011F2522B09393A002DB1B6 /* Preview Content */,
				9011F25A2B093CDA002DB1B6 /* ChatView.swift */,
				9011F25C2B093D08002DB1B6 /* Loading.swift */,
				9034F0CE2B4913F00021125A /* MLInput.swift */,
				9034F0D02B4915430021125A /* StringTokenizer.swift */,
				9034F0D22B4915C20021125A /* Vocabulary.swift */,
				9034F0D42B4917DF0021125A /* MLOutput.swift */,
				906C0EE02B4D429E0007A5B9 /* TextRecog.swift */,
			);
			path = PicQuery;
			sourceTree = "<group>";
		};
		9011F2522B09393A002DB1B6 /* Preview Content */ = {
			isa = PBXGroup;
			children = (
				9011F2532B09393A002DB1B6 /* Preview Assets.xcassets */,
			);
			path = "Preview Content";
			sourceTree = "<group>";
		};
		9011F25E2B093D6E002DB1B6 /* Model */ = {
			isa = PBXGroup;
			children = (
				9011F25F2B093D7F002DB1B6 /* ChatMessage.swift */,
			);
			path = Model;
			sourceTree = "<group>";
		};
/* End PBXGroup section */

/* Begin PBXNativeTarget section */
		9011F2482B093938002DB1B6 /* PicQuery */ = {
			isa = PBXNativeTarget;
			buildConfigurationList = 9011F2572B09393A002DB1B6 /* Build configuration list for PBXNativeTarget "PicQuery" */;
			buildPhases = (
				9011F2452B093938002DB1B6 /* Sources */,
				9011F2462B093938002DB1B6 /* Frameworks */,
				9011F2472B093938002DB1B6 /* Resources */,
			);
			buildRules = (
			);
			dependencies = (
			);
			name = PicQuery;
			productName = Mahizh;
			productReference = 9011F2492B093938002DB1B6 /* PicQuery.app */;
			productType = "com.apple.product-type.application";
		};
/* End PBXNativeTarget section */

/* Begin PBXProject section */
		9011F2412B093938002DB1B6 /* Project object */ = {
			isa = PBXProject;
			attributes = {
				BuildIndependentTargetsInParallel = 1;
				LastSwiftUpdateCheck = 1500;
				LastUpgradeCheck = 1500;
				TargetAttributes = {
					9011F2482B093938002DB1B6 = {
						CreatedOnToolsVersion = 15.0.1;
					};
				};
			};
			buildConfigurationList = 9011F2442B093938002DB1B6 /* Build configuration list for PBXProject "PicQuery" */;
			compatibilityVersion = "Xcode 14.0";
			developmentRegion = en;
			hasScannedForEncodings = 0;
			knownRegions = (
				en,
				Base,
			);
			mainGroup = 9011F2402B093938002DB1B6;
			productRefGroup = 9011F24A2B093938002DB1B6 /* Products */;
			projectDirPath = "";
			projectRoot = "";
			targets = (
				9011F2482B093938002DB1B6 /* PicQuery */,
			);
		};
/* End PBXProject section */

/* Begin PBXResourcesBuildPhase section */
		9011F2472B093938002DB1B6 /* Resources */ = {
			isa = PBXResourcesBuildPhase;
			buildActionMask = 2147483647;
			files = (
				901B98E82B4971DD004AF176 /* Preview Content in Resources */,
				9011F2542B09393A002DB1B6 /* Preview Assets.xcassets in Resources */,
				9011F2512B09393A002DB1B6 /* Assets.xcassets in Resources */,
				9034F0D82B4918890021125A /* bert-base-uncased-vocab.txt in Resources */,
			);
			runOnlyForDeploymentPostprocessing = 0;
		};
/* End PBXResourcesBuildPhase section */

/* Begin PBXSourcesBuildPhase section */
		9011F2452B093938002DB1B6 /* Sources */ = {
			isa = PBXSourcesBuildPhase;
			buildActionMask = 2147483647;
			files = (
				9011F24F2B093938002DB1B6 /* HomeView.swift in Sources */,
				9034F0CF2B4913F00021125A /* MLInput.swift in Sources */,
				9034F0DD2B4922380021125A /* MLQAModel.swift in Sources */,
				906C0EE12B4D429E0007A5B9 /* TextRecog.swift in Sources */,
				9034F0D52B4917DF0021125A /* MLOutput.swift in Sources */,
				9034F0C72B488CFA0021125A /* HomeViewModel.swift in Sources */,
				9011F25B2B093CDA002DB1B6 /* ChatView.swift in Sources */,
				9034F0D32B4915C20021125A /* Vocabulary.swift in Sources */,
				901B98EA2B4972AE004AF176 /* PicQueryApp.swift in Sources */,
				9011F25D2B093D08002DB1B6 /* Loading.swift in Sources */,
				9011F2602B093D7F002DB1B6 /* ChatMessage.swift in Sources */,
				9034F0D12B4915430021125A /* StringTokenizer.swift in Sources */,
				9034F0D92B4918890021125A /* BERTQAFP16.mlmodel in Sources */,
			);
			runOnlyForDeploymentPostprocessing = 0;
		};
/* End PBXSourcesBuildPhase section */

/* Begin XCBuildConfiguration section */
		9011F2552B09393A002DB1B6 /* Debug */ = {
			isa = XCBuildConfiguration;
			buildSettings = {
				ALWAYS_SEARCH_USER_PATHS = NO;
				ASSETCATALOG_COMPILER_GENERATE_SWIFT_ASSET_SYMBOL_EXTENSIONS = YES;
				CLANG_ANALYZER_NONNULL = YES;
				CLANG_ANALYZER_NUMBER_OBJECT_CONVERSION = YES_AGGRESSIVE;
				CLANG_CXX_LANGUAGE_STANDARD = "gnu++20";
				CLANG_ENABLE_MODULES = YES;
				CLANG_ENABLE_OBJC_ARC = YES;
				CLANG_ENABLE_OBJC_WEAK = YES;
				CLANG_WARN_BLOCK_CAPTURE_AUTORELEASING = YES;
				CLANG_WARN_BOOL_CONVERSION = YES;
				CLANG_WARN_COMMA = YES;
				CLANG_WARN_CONSTANT_CONVERSION = YES;
				CLANG_WARN_DEPRECATED_OBJC_IMPLEMENTATIONS = YES;
				CLANG_WARN_DIRECT_OBJC_ISA_USAGE = YES_ERROR;
				CLANG_WARN_DOCUMENTATION_COMMENTS = YES;
				CLANG_WARN_EMPTY_BODY = YES;
				CLANG_WARN_ENUM_CONVERSION = YES;
				CLANG_WARN_INFINITE_RECURSION = YES;
				CLANG_WARN_INT_CONVERSION = YES;
				CLANG_WARN_NON_LITERAL_NULL_CONVERSION = YES;
				CLANG_WARN_OBJC_IMPLICIT_RETAIN_SELF = YES;
				CLANG_WARN_OBJC_LITERAL_CONVERSION = YES;
				CLANG_WARN_OBJC_ROOT_CLASS = YES_ERROR;
				CLANG_WARN_QUOTED_INCLUDE_IN_FRAMEWORK_HEADER = YES;
				CLANG_WARN_RANGE_LOOP_ANALYSIS = YES;
				CLANG_WARN_STRICT_PROTOTYPES = YES;
				CLANG_WARN_SUSPICIOUS_MOVE = YES;
				CLANG_WARN_UNGUARDED_AVAILABILITY = YES_AGGRESSIVE;
				CLANG_WARN_UNREACHABLE_CODE = YES;
				CLANG_WARN__DUPLICATE_METHOD_MATCH = YES;
				COPY_PHASE_STRIP = NO;
				DEBUG_INFORMATION_FORMAT = dwarf;
				ENABLE_STRICT_OBJC_MSGSEND = YES;
				ENABLE_TESTABILITY = YES;
				ENABLE_USER_SCRIPT_SANDBOXING = YES;
				GCC_C_LANGUAGE_STANDARD = gnu17;
				GCC_DYNAMIC_NO_PIC = NO;
				GCC_NO_COMMON_BLOCKS = YES;
				GCC_OPTIMIZATION_LEVEL = 0;
				GCC_PREPROCESSOR_DEFINITIONS = (
					"DEBUG=1",
					"$(inherited)",
				);
				GCC_WARN_64_TO_32_BIT_CONVERSION = YES;
				GCC_WARN_ABOUT_RETURN_TYPE = YES_ERROR;
				GCC_WARN_UNDECLARED_SELECTOR = YES;
				GCC_WARN_UNINITIALIZED_AUTOS = YES_AGGRESSIVE;
				GCC_WARN_UNUSED_FUNCTION = YES;
				GCC_WARN_UNUSED_VARIABLE = YES;
				IPHONEOS_DEPLOYMENT_TARGET = 17.0;
				LOCALIZATION_PREFERS_STRING_CATALOGS = YES;
				MTL_ENABLE_DEBUG_INFO = INCLUDE_SOURCE;
				MTL_FAST_MATH = YES;
				ONLY_ACTIVE_ARCH = YES;
				SDKROOT = iphoneos;
				SWIFT_ACTIVE_COMPILATION_CONDITIONS = "DEBUG $(inherited)";
				SWIFT_OPTIMIZATION_LEVEL = "-Onone";
			};
			name = Debug;
		};
		9011F2562B09393A002DB1B6 /* Release */ = {
			isa = XCBuildConfiguration;
			buildSettings = {
				ALWAYS_SEARCH_USER_PATHS = NO;
				ASSETCATALOG_COMPILER_GENERATE_SWIFT_ASSET_SYMBOL_EXTENSIONS = YES;
				CLANG_ANALYZER_NONNULL = YES;
				CLANG_ANALYZER_NUMBER_OBJECT_CONVERSION = YES_AGGRESSIVE;
				CLANG_CXX_LANGUAGE_STANDARD = "gnu++20";
				CLANG_ENABLE_MODULES = YES;
				CLANG_ENABLE_OBJC_ARC = YES;
				CLANG_ENABLE_OBJC_WEAK = YES;
				CLANG_WARN_BLOCK_CAPTURE_AUTORELEASING = YES;
				CLANG_WARN_BOOL_CONVERSION = YES;
				CLANG_WARN_COMMA = YES;
				CLANG_WARN_CONSTANT_CONVERSION = YES;
				CLANG_WARN_DEPRECATED_OBJC_IMPLEMENTATIONS = YES;
				CLANG_WARN_DIRECT_OBJC_ISA_USAGE = YES_ERROR;
				CLANG_WARN_DOCUMENTATION_COMMENTS = YES;
				CLANG_WARN_EMPTY_BODY = YES;
				CLANG_WARN_ENUM_CONVERSION = YES;
				CLANG_WARN_INFINITE_RECURSION = YES;
				CLANG_WARN_INT_CONVERSION = YES;
				CLANG_WARN_NON_LITERAL_NULL_CONVERSION = YES;
				CLANG_WARN_OBJC_IMPLICIT_RETAIN_SELF = YES;
				CLANG_WARN_OBJC_LITERAL_CONVERSION = YES;
				CLANG_WARN_OBJC_ROOT_CLASS = YES_ERROR;
				CLANG_WARN_QUOTED_INCLUDE_IN_FRAMEWORK_HEADER = YES;
				CLANG_WARN_RANGE_LOOP_ANALYSIS = YES;
				CLANG_WARN_STRICT_PROTOTYPES = YES;
				CLANG_WARN_SUSPICIOUS_MOVE = YES;
				CLANG_WARN_UNGUARDED_AVAILABILITY = YES_AGGRESSIVE;
				CLANG_WARN_UNREACHABLE_CODE = YES;
				CLANG_WARN__DUPLICATE_METHOD_MATCH = YES;
				COPY_PHASE_STRIP = NO;
				DEBUG_INFORMATION_FORMAT = "dwarf-with-dsym";
				ENABLE_NS_ASSERTIONS = NO;
				ENABLE_STRICT_OBJC_MSGSEND = YES;
				ENABLE_USER_SCRIPT_SANDBOXING = YES;
				GCC_C_LANGUAGE_STANDARD = gnu17;
				GCC_NO_COMMON_BLOCKS = YES;
				GCC_WARN_64_TO_32_BIT_CONVERSION = YES;
				GCC_WARN_ABOUT_RETURN_TYPE = YES_ERROR;
				GCC_WARN_UNDECLARED_SELECTOR = YES;
				GCC_WARN_UNINITIALIZED_AUTOS = YES_AGGRESSIVE;
				GCC_WARN_UNUSED_FUNCTION = YES;
				GCC_WARN_UNUSED_VARIABLE = YES;
				IPHONEOS_DEPLOYMENT_TARGET = 17.0;
				LOCALIZATION_PREFERS_STRING_CATALOGS = YES;
				MTL_ENABLE_DEBUG_INFO = NO;
				MTL_FAST_MATH = YES;
				SDKROOT = iphoneos;
				SWIFT_COMPILATION_MODE = wholemodule;
				VALIDATE_PRODUCT = YES;
			};
			name = Release;
		};
		9011F2582B09393A002DB1B6 /* Debug */ = {
			isa = XCBuildConfiguration;
			buildSettings = {
				ASSETCATALOG_COMPILER_APPICON_NAME = AppIcon;
				ASSETCATALOG_COMPILER_GLOBAL_ACCENT_COLOR_NAME = AccentColor;
				CODE_SIGN_STYLE = Automatic;
				CURRENT_PROJECT_VERSION = 1;
				DEVELOPMENT_ASSET_PATHS = "\"PicQuery/Preview Content\"";
				DEVELOPMENT_TEAM = BM49FH2FNF;
				ENABLE_PREVIEWS = YES;
				GENERATE_INFOPLIST_FILE = YES;
				INFOPLIST_KEY_UIApplicationSceneManifest_Generation = YES;
				INFOPLIST_KEY_UIApplicationSupportsIndirectInputEvents = YES;
				INFOPLIST_KEY_UILaunchScreen_Generation = YES;
				INFOPLIST_KEY_UISupportedInterfaceOrientations = UIInterfaceOrientationPortrait;
				LD_RUNPATH_SEARCH_PATHS = (
					"$(inherited)",
					"@executable_path/Frameworks",
				);
				MARKETING_VERSION = 1.0;
				PRODUCT_BUNDLE_IDENTIFIER = app.prabs.Mahizh;
				PRODUCT_NAME = "$(TARGET_NAME)";
				SWIFT_EMIT_LOC_STRINGS = YES;
				SWIFT_VERSION = 5.0;
				TARGETED_DEVICE_FAMILY = "1,2";
			};
			name = Debug;
		};
		9011F2592B09393A002DB1B6 /* Release */ = {
			isa = XCBuildConfiguration;
			buildSettings = {
				ASSETCATALOG_COMPILER_APPICON_NAME = AppIcon;
				ASSETCATALOG_COMPILER_GLOBAL_ACCENT_COLOR_NAME = AccentColor;
				CODE_SIGN_STYLE = Automatic;
				CURRENT_PROJECT_VERSION = 1;
				DEVELOPMENT_ASSET_PATHS = "\"PicQuery/Preview Content\"";
				DEVELOPMENT_TEAM = BM49FH2FNF;
				ENABLE_PREVIEWS = YES;
				GENERATE_INFOPLIST_FILE = YES;
				INFOPLIST_KEY_UIApplicationSceneManifest_Generation = YES;
				INFOPLIST_KEY_UIApplicationSupportsIndirectInputEvents = YES;
				INFOPLIST_KEY_UILaunchScreen_Generation = YES;
				INFOPLIST_KEY_UISupportedInterfaceOrientations = UIInterfaceOrientationPortrait;
				LD_RUNPATH_SEARCH_PATHS = (
					"$(inherited)",
					"@executable_path/Frameworks",
				);
				MARKETING_VERSION = 1.0;
				PRODUCT_BUNDLE_IDENTIFIER = app.prabs.Mahizh;
				PRODUCT_NAME = "$(TARGET_NAME)";
				SWIFT_EMIT_LOC_STRINGS = YES;
				SWIFT_VERSION = 5.0;
				TARGETED_DEVICE_FAMILY = "1,2";
			};
			name = Release;
		};
/* End XCBuildConfiguration section */

/* Begin XCConfigurationList section */
		9011F2442B093938002DB1B6 /* Build configuration list for PBXProject "PicQuery" */ = {
			isa = XCConfigurationList;
			buildConfigurations = (
				9011F2552B09393A002DB1B6 /* Debug */,
				9011F2562B09393A002DB1B6 /* Release */,
			);
			defaultConfigurationIsVisible = 0;
			defaultConfigurationName = Release;
		};
		9011F2572B09393A002DB1B6 /* Build configuration list for PBXNativeTarget "PicQuery" */ = {
			isa = XCConfigurationList;
			buildConfigurations = (
				9011F2582B09393A002DB1B6 /* Debug */,
				9011F2592B09393A002DB1B6 /* Release */,
			);
			defaultConfigurationIsVisible = 0;
			defaultConfigurationName = Release;
		};
/* End XCConfigurationList section */
	};
	rootObject = 9011F2412B093938002DB1B6 /* Project object */;
}
